
Microsoft Visual Studio Solution File, Format Version 12.00
# Visual Studio Version 16
VisualStudioVersion = 16.0.30907.101
MinimumVisualStudioVersion = 10.0.40219.1
Project("{9A19103F-16F7-4668-BE54-9A1E7A4F7556}") = "Cinematography.Api", "Cinematography.Api.csproj", "{5661D037-9233-4ABB-BF13-4EAD823AA64F}"
EndProject
Project("{9A19103F-16F7-4668-BE54-9A1E7A4F7556}") = "Cinematography.Infrastructure", "..\Cinematography.Infrastructure\Cinematography.Infrastructure.csproj", "{C6BE7EBF-4FB3-44E4-9AD1-8E69E11EBF26}"
EndProject
Project("{9A19103F-16F7-4668-BE54-9A1E7A4F7556}") = "Cinematography.Model", "..\Cinematography.Model\Cinematography.Model.csproj", "{EE6C1E6A-F28B-4B0A-8581-7D1CC6407FEB}"
EndProject
Global
	GlobalSection(SolutionConfigurationPlatforms) = preSolution
		Debug|Any CPU = Debug|Any CPU
		Release|Any CPU = Release|Any CPU
	EndGlobalSection
	GlobalSection(ProjectConfigurationPlatforms) = postSolution
		{5661D037-9233-4ABB-BF13-4EAD823AA64F}.Debug|Any CPU.ActiveCfg = Debug|Any CPU
		{5661D037-9233-4ABB-BF13-4EAD823AA64F}.Debug|Any CPU.Build.0 = Debug|Any CPU
		{5661D037-9233-4ABB-BF13-4EAD823AA64F}.Release|Any CPU.ActiveCfg = Release|Any CPU
		{5661D037-9233-4ABB-BF13-4EAD823AA64F}.Release|Any CPU.Build.0 = Release|Any CPU
		{C6BE7EBF-4FB3-44E4-9AD1-8E69E11EBF26}.Debug|Any CPU.ActiveCfg = Debug|Any CPU
		{C6BE7EBF-4FB3-44E4-9AD1-8E69E11EBF26}.Debug|Any CPU.Build.0 = Debug|Any CPU
		{C6BE7EBF-4FB3-44E4-9AD1-8E69E11EBF26}.Release|Any CPU.ActiveCfg = Release|Any CPU
		{C6BE7EBF-4FB3-44E4-9AD1-8E69E11EBF26}.Release|Any CPU.Build.0 = Release|Any CPU
		{EE6C1E6A-F28B-4B0A-8581-7D1CC6407FEB}.Debug|Any CPU.ActiveCfg = Debug|Any CPU
		{EE6C1E6A-F28B-4B0A-8581-7D1CC6407FEB}.Debug|Any CPU.Build.0 = Debug|Any CPU
		{EE6C1E6A-F28B-4B0A-8581-7D1CC6407FEB}.Release|Any CPU.ActiveCfg = Release|Any CPU
		{EE6C1E6A-F28B-4B0A-8581-7D1CC6407FEB}.Release|Any CPU.Build.0 = Release|Any CPU
	EndGlobalSection
	GlobalSection(SolutionProperties) = preSolution
		HideSolutionNode = FALSE
	EndGlobalSection
	GlobalSection(ExtensibilityGlobals) = postSolution
		SolutionGuid = {DE2DF324-A633-42D5-B755-87610DA14A75}
	EndGlobalSection
EndGlobal
